{
  "meteor": {},
  "dependencies": {
    "basePackages": {
      "autoform": {},
      "easy-search": {},
      "bootstrap-3": {},
      "moment": {},
      "phantomjs": {},
      "collection2": {},
      "reveal-js": {},
      "browser-detection": {},
      "accounts-ui-bootstrap-3": {}
    },
    "packages": {
      "autoform": {
        "git": "https://github.com/aldeed/meteor-autoform.git",
        "tag": "v0.14.1",
        "commit": "3d00239fc61944058295ded01889c071d6c1ced9"
      },
      "easy-search": {
        "git": "https://github.com/matteodem/meteor-easy-search.git",
        "tag": "v1.0.0",
        "commit": "d32e13f396bc36560edf64b55a3c2dd17e22c9c7"
      },
      "bootstrap-3": {
        "git": "https://github.com/mangasocial/meteor-bootstrap-3.git",
        "tag": "v3.2.0-1",
        "commit": "17a63902fc6cf1096c5289d963c66cf28b474727"
      },
      "moment": {
        "git": "https://github.com/acreeger/meteor-moment.git",
        "tag": "v2.6.0",
        "commit": "26156df681750fd6e6ed77043eef32b6653ebbdf"
      },
      "phantomjs": {
        "git": "https://github.com/gadicohen/meteor-phantomjs.git",
        "tag": "v0.0.2",
        "commit": "a72eb79af068dd5d5d617ac71a42bd74e0cb52a4"
      },
      "collection2": {
        "git": "https://github.com/aldeed/meteor-collection2.git",
        "tag": "v0.4.2",
        "commit": "4ff4b707bec8be434919730bf101325adb215444"
      },
      "reveal-js": {
        "git": "https://github.com/neo-technologies/meteor-reveal-js.git",
        "tag": "v2.6.2",
        "commit": "66ca194e49e3c48fe7d4a62ac89c7ed0d6e0814a"
      },
      "browser-detection": {
        "git": "https://github.com/awatson1978/browser-detection.git",
        "tag": "v1.0.4",
        "commit": "127fc74221705bdbe40f0fd77f491bb1760aed95"
      },
      "accounts-ui-bootstrap-3": {
        "git": "https://github.com/mangasocial/meteor-accounts-ui-bootstrap-3.git",
        "tag": "v0.3.3",
        "commit": "2e50b605d8d5ed68e48c4529a65f13552d8af3f9"
      },
      "simple-schema": {
        "git": "https://github.com/aldeed/meteor-simple-schema.git",
        "tag": "v0.6.0",
        "commit": "418ec496612fb2afc853e342f0d2269b6674a2fe"
      }
    }
  }
}
